
Microsoft Visual Studio Solution File, Format Version 12.00
# Visual Studio Version 17
VisualStudioVersion = 17.11.35219.272
MinimumVisualStudioVersion = 10.0.40219.1
Project("{FAE04EC0-301F-11D3-BF4B-00C04F79EFBC}") = "WpfApp1", "WpfApp1\WpfApp1.csproj", "{EFDA69F1-0D12-4D1B-B009-C27E2B13CEF8}"
EndProject
Global
	GlobalSection(SolutionConfigurationPlatforms) = preSolution
		Debug|Any CPU = Debug|Any CPU
		Release|Any CPU = Release|Any CPU
	EndGlobalSection
	GlobalSection(ProjectConfigurationPlatforms) = postSolution
		{EFDA69F1-0D12-4D1B-B009-C27E2B13CEF8}.Debug|Any CPU.ActiveCfg = Debug|Any CPU
		{EFDA69F1-0D12-4D1B-B009-C27E2B13CEF8}.Debug|Any CPU.Build.0 = Debug|Any CPU
		{EFDA69F1-0D12-4D1B-B009-C27E2B13CEF8}.Release|Any CPU.ActiveCfg = Release|Any CPU
		{EFDA69F1-0D12-4D1B-B009-C27E2B13CEF8}.Release|Any CPU.Build.0 = Release|Any CPU
	EndGlobalSection
	GlobalSection(SolutionProperties) = preSolution
		HideSolutionNode = FALSE
	EndGlobalSection
	GlobalSection(ExtensibilityGlobals) = postSolution
		SolutionGuid = {5D5725D2-6EBE-4E5F-A037-859AF79FA269}
	EndGlobalSection
EndGlobal
